
Microsoft Visual Studio Solution File, Format Version 12.00
# Visual Studio 15
VisualStudioVersion = 15.0.28307.852
MinimumVisualStudioVersion = 10.0.40219.1
Project("{FAE04EC0-301F-11D3-BF4B-00C04F79EFBC}") = "GEO1.1.1.Android", "GEO1.1.1\GEO1.1.1.Android\GEO1.1.1.Android.csproj", "{7ED26B00-C511-4DC2-B61B-D8B61BECD170}"
EndProject
Project("{FAE04EC0-301F-11D3-BF4B-00C04F79EFBC}") = "GEO1.1.1.iOS", "GEO1.1.1\GEO1.1.1.iOS\GEO1.1.1.iOS.csproj", "{8EF364A2-DBC4-4B26-9CC5-99157E4AE2D0}"
EndProject
Project("{FAE04EC0-301F-11D3-BF4B-00C04F79EFBC}") = "GEO1.1.1.UWP", "GEO1.1.1\GEO1.1.1.UWP\GEO1.1.1.UWP.csproj", "{5AEEFF56-FB1A-4856-BDBD-3A6EBC1D5235}"
EndProject
Project("{9A19103F-16F7-4668-BE54-9A1E7A4F7556}") = "GEO1.1.1", "GEO1.1.1\GEO1.1.1\GEO1.1.1.csproj", "{281931CC-610F-4EE6-A35C-0A386176D9E3}"
EndProject
Project("{FAE04EC0-301F-11D3-BF4B-00C04F79EFBC}") = "GEO.Domain", "GEO.Domain\GEO.Domain.csproj", "{AA0D633F-8ECE-4196-9B3E-94C4F56D270D}"
EndProject
Project("{FAE04EC0-301F-11D3-BF4B-00C04F79EFBC}") = "GEO.Backend", "GEO.Backend\GEO.Backend.csproj", "{659C1A0D-BB8E-4FF1-85A1-540BE245513F}"
EndProject
Project("{FAE04EC0-301F-11D3-BF4B-00C04F79EFBC}") = "GEO.API", "GEO.API\GEO.API.csproj", "{85D2D06C-3A80-4EBC-8A4D-A1726770B475}"
EndProject
Global
	GlobalSection(SolutionConfigurationPlatforms) = preSolution
		Ad-Hoc|Any CPU = Ad-Hoc|Any CPU
		Ad-Hoc|ARM = Ad-Hoc|ARM
		Ad-Hoc|iPhone = Ad-Hoc|iPhone
		Ad-Hoc|iPhoneSimulator = Ad-Hoc|iPhoneSimulator
		Ad-Hoc|x64 = Ad-Hoc|x64
		Ad-Hoc|x86 = Ad-Hoc|x86
		AppStore|Any CPU = AppStore|Any CPU
		AppStore|ARM = AppStore|ARM
		AppStore|iPhone = AppStore|iPhone
		AppStore|iPhoneSimulator = AppStore|iPhoneSimulator
		AppStore|x64 = AppStore|x64
		AppStore|x86 = AppStore|x86
		Debug|Any CPU = Debug|Any CPU
		Debug|ARM = Debug|ARM
		Debug|iPhone = Debug|iPhone
		Debug|iPhoneSimulator = Debug|iPhoneSimulator
		Debug|x64 = Debug|x64
		Debug|x86 = Debug|x86
		Release|Any CPU = Release|Any CPU
		Release|ARM = Release|ARM
		Release|iPhone = Release|iPhone
		Release|iPhoneSimulator = Release|iPhoneSimulator
		Release|x64 = Release|x64
		Release|x86 = Release|x86
	EndGlobalSection
	GlobalSection(ProjectConfigurationPlatforms) = postSolution
		{7ED26B00-C511-4DC2-B61B-D8B61BECD170}.Ad-Hoc|Any CPU.ActiveCfg = Release|Any CPU
		{7ED26B00-C511-4DC2-B61B-D8B61BECD170}.Ad-Hoc|Any CPU.Build.0 = Release|Any CPU
		{7ED26B00-C511-4DC2-B61B-D8B61BECD170}.Ad-Hoc|Any CPU.Deploy.0 = Release|Any CPU
		{7ED26B00-C511-4DC2-B61B-D8B61BECD170}.Ad-Hoc|ARM.ActiveCfg = Release|Any CPU
		{7ED26B00-C511-4DC2-B61B-D8B61BECD170}.Ad-Hoc|ARM.Build.0 = Release|Any CPU
		{7ED26B00-C511-4DC2-B61B-D8B61BECD170}.Ad-Hoc|ARM.Deploy.0 = Release|Any CPU
		{7ED26B00-C511-4DC2-B61B-D8B61BECD170}.Ad-Hoc|iPhone.ActiveCfg = Release|Any CPU
		{7ED26B00-C511-4DC2-B61B-D8B61BECD170}.Ad-Hoc|iPhone.Build.0 = Release|Any CPU
		{7ED26B00-C511-4DC2-B61B-D8B61BECD170}.Ad-Hoc|iPhone.Deploy.0 = Release|Any CPU
		{7ED26B00-C511-4DC2-B61B-D8B61BECD170}.Ad-Hoc|iPhoneSimulator.ActiveCfg = Release|Any CPU
		{7ED26B00-C511-4DC2-B61B-D8B61BECD170}.Ad-Hoc|iPhoneSimulator.Build.0 = Release|Any CPU
		{7ED26B00-C511-4DC2-B61B-D8B61BECD170}.Ad-Hoc|iPhoneSimulator.Deploy.0 = Release|Any CPU
		{7ED26B00-C511-4DC2-B61B-D8B61BECD170}.Ad-Hoc|x64.ActiveCfg = Release|Any CPU
		{7ED26B00-C511-4DC2-B61B-D8B61BECD170}.Ad-Hoc|x64.Build.0 = Release|Any CPU
		{7ED26B00-C511-4DC2-B61B-D8B61BECD170}.Ad-Hoc|x64.Deploy.0 = Release|Any CPU
		{7ED26B00-C511-4DC2-B61B-D8B61BECD170}.Ad-Hoc|x86.ActiveCfg = Release|Any CPU
		{7ED26B00-C511-4DC2-B61B-D8B61BECD170}.Ad-Hoc|x86.Build.0 = Release|Any CPU
		{7ED26B00-C511-4DC2-B61B-D8B61BECD170}.Ad-Hoc|x86.Deploy.0 = Release|Any CPU
		{7ED26B00-C511-4DC2-B61B-D8B61BECD170}.AppStore|Any CPU.ActiveCfg = Release|Any CPU
		{7ED26B00-C511-4DC2-B61B-D8B61BECD170}.AppStore|Any CPU.Build.0 = Release|Any CPU
		{7ED26B00-C511-4DC2-B61B-D8B61BECD170}.AppStore|Any CPU.Deploy.0 = Release|Any CPU
		{7ED26B00-C511-4DC2-B61B-D8B61BECD170}.AppStore|ARM.ActiveCfg = Release|Any CPU
		{7ED26B00-C511-4DC2-B61B-D8B61BECD170}.AppStore|ARM.Build.0 = Release|Any CPU
		{7ED26B00-C511-4DC2-B61B-D8B61BECD170}.AppStore|ARM.Deploy.0 = Release|Any CPU
		{7ED26B00-C511-4DC2-B61B-D8B61BECD170}.AppStore|iPhone.ActiveCfg = Release|Any CPU
		{7ED26B00-C511-4DC2-B61B-D8B61BECD170}.AppStore|iPhone.Build.0 = Release|Any CPU
		{7ED26B00-C511-4DC2-B61B-D8B61BECD170}.AppStore|iPhone.Deploy.0 = Release|Any CPU
		{7ED26B00-C511-4DC2-B61B-D8B61BECD170}.AppStore|iPhoneSimulator.ActiveCfg = Release|Any CPU
		{7ED26B00-C511-4DC2-B61B-D8B61BECD170}.AppStore|iPhoneSimulator.Build.0 = Release|Any CPU
		{7ED26B00-C511-4DC2-B61B-D8B61BECD170}.AppStore|iPhoneSimulator.Deploy.0 = Release|Any CPU
		{7ED26B00-C511-4DC2-B61B-D8B61BECD170}.AppStore|x64.ActiveCfg = Release|Any CPU
		{7ED26B00-C511-4DC2-B61B-D8B61BECD170}.AppStore|x64.Build.0 = Release|Any CPU
		{7ED26B00-C511-4DC2-B61B-D8B61BECD170}.AppStore|x64.Deploy.0 = Release|Any CPU
		{7ED26B00-C511-4DC2-B61B-D8B61BECD170}.AppStore|x86.ActiveCfg = Release|Any CPU
		{7ED26B00-C511-4DC2-B61B-D8B61BECD170}.AppStore|x86.Build.0 = Release|Any CPU
		{7ED26B00-C511-4DC2-B61B-D8B61BECD170}.AppStore|x86.Deploy.0 = Release|Any CPU
		{7ED26B00-C511-4DC2-B61B-D8B61BECD170}.Debug|Any CPU.ActiveCfg = Debug|Any CPU
		{7ED26B00-C511-4DC2-B61B-D8B61BECD170}.Debug|Any CPU.Build.0 = Debug|Any CPU
		{7ED26B00-C511-4DC2-B61B-D8B61BECD170}.Debug|Any CPU.Deploy.0 = Debug|Any CPU
		{7ED26B00-C511-4DC2-B61B-D8B61BECD170}.Debug|ARM.ActiveCfg = Debug|Any CPU
		{7ED26B00-C511-4DC2-B61B-D8B61BECD170}.Debug|ARM.Build.0 = Debug|Any CPU
		{7ED26B00-C511-4DC2-B61B-D8B61BECD170}.Debug|ARM.Deploy.0 = Debug|Any CPU
		{7ED26B00-C511-4DC2-B61B-D8B61BECD170}.Debug|iPhone.ActiveCfg = Debug|Any CPU
		{7ED26B00-C511-4DC2-B61B-D8B61BECD170}.Debug|iPhone.Build.0 = Debug|Any CPU
		{7ED26B00-C511-4DC2-B61B-D8B61BECD170}.Debug|iPhone.Deploy.0 = Debug|Any CPU
		{7ED26B00-C511-4DC2-B61B-D8B61BECD170}.Debug|iPhoneSimulator.ActiveCfg = Debug|Any CPU
		{7ED26B00-C511-4DC2-B61B-D8B61BECD170}.Debug|iPhoneSimulator.Build.0 = Debug|Any CPU
		{7ED26B00-C511-4DC2-B61B-D8B61BECD170}.Debug|iPhoneSimulator.Deploy.0 = Debug|Any CPU
		{7ED26B00-C511-4DC2-B61B-D8B61BECD170}.Debug|x64.ActiveCfg = Debug|Any CPU
		{7ED26B00-C511-4DC2-B61B-D8B61BECD170}.Debug|x64.Build.0 = Debug|Any CPU
		{7ED26B00-C511-4DC2-B61B-D8B61BECD170}.Debug|x64.Deploy.0 = Debug|Any CPU
		{7ED26B00-C511-4DC2-B61B-D8B61BECD170}.Debug|x86.ActiveCfg = Debug|Any CPU
		{7ED26B00-C511-4DC2-B61B-D8B61BECD170}.Debug|x86.Build.0 = Debug|Any CPU
		{7ED26B00-C511-4DC2-B61B-D8B61BECD170}.Debug|x86.Deploy.0 = Debug|Any CPU
		{7ED26B00-C511-4DC2-B61B-D8B61BECD170}.Release|Any CPU.ActiveCfg = Release|Any CPU
		{7ED26B00-C511-4DC2-B61B-D8B61BECD170}.Release|Any CPU.Build.0 = Release|Any CPU
		{7ED26B00-C511-4DC2-B61B-D8B61BECD170}.Release|Any CPU.Deploy.0 = Release|Any CPU
		{7ED26B00-C511-4DC2-B61B-D8B61BECD170}.Release|ARM.ActiveCfg = Release|Any CPU
		{7ED26B00-C511-4DC2-B61B-D8B61BECD170}.Release|ARM.Build.0 = Release|Any CPU
		{7ED26B00-C511-4DC2-B61B-D8B61BECD170}.Release|ARM.Deploy.0 = Release|Any CPU
		{7ED26B00-C511-4DC2-B61B-D8B61BECD170}.Release|iPhone.ActiveCfg = Release|Any CPU
		{7ED26B00-C511-4DC2-B61B-D8B61BECD170}.Release|iPhone.Build.0 = Release|Any CPU
		{7ED26B00-C511-4DC2-B61B-D8B61BECD170}.Release|iPhone.Deploy.0 = Release|Any CPU
		{7ED26B00-C511-4DC2-B61B-D8B61BECD170}.Release|iPhoneSimulator.ActiveCfg = Release|Any CPU
		{7ED26B00-C511-4DC2-B61B-D8B61BECD170}.Release|iPhoneSimulator.Build.0 = Release|Any CPU
		{7ED26B00-C511-4DC2-B61B-D8B61BECD170}.Release|iPhoneSimulator.Deploy.0 = Release|Any CPU
		{7ED26B00-C511-4DC2-B61B-D8B61BECD170}.Release|x64.ActiveCfg = Release|Any CPU
		{7ED26B00-C511-4DC2-B61B-D8B61BECD170}.Release|x64.Build.0 = Release|Any CPU
		{7ED26B00-C511-4DC2-B61B-D8B61BECD170}.Release|x64.Deploy.0 = Release|Any CPU
		{7ED26B00-C511-4DC2-B61B-D8B61BECD170}.Release|x86.ActiveCfg = Release|Any CPU
		{7ED26B00-C511-4DC2-B61B-D8B61BECD170}.Release|x86.Build.0 = Release|Any CPU
		{7ED26B00-C511-4DC2-B61B-D8B61BECD170}.Release|x86.Deploy.0 = Release|Any CPU
		{8EF364A2-DBC4-4B26-9CC5-99157E4AE2D0}.Ad-Hoc|Any CPU.ActiveCfg = Ad-Hoc|iPhone
		{8EF364A2-DBC4-4B26-9CC5-99157E4AE2D0}.Ad-Hoc|Any CPU.Build.0 = Ad-Hoc|iPhone
		{8EF364A2-DBC4-4B26-9CC5-99157E4AE2D0}.Ad-Hoc|Any CPU.Deploy.0 = Ad-Hoc|iPhone
		{8EF364A2-DBC4-4B26-9CC5-99157E4AE2D0}.Ad-Hoc|ARM.ActiveCfg = Ad-Hoc|iPhone
		{8EF364A2-DBC4-4B26-9CC5-99157E4AE2D0}.Ad-Hoc|ARM.Build.0 = Ad-Hoc|iPhone
		{8EF364A2-DBC4-4B26-9CC5-99157E4AE2D0}.Ad-Hoc|ARM.Deploy.0 = Ad-Hoc|iPhone
		{8EF364A2-DBC4-4B26-9CC5-99157E4AE2D0}.Ad-Hoc|iPhone.ActiveCfg = Ad-Hoc|iPhone
		{8EF364A2-DBC4-4B26-9CC5-99157E4AE2D0}.Ad-Hoc|iPhone.Build.0 = Ad-Hoc|iPhone
		{8EF364A2-DBC4-4B26-9CC5-99157E4AE2D0}.Ad-Hoc|iPhone.Deploy.0 = Ad-Hoc|iPhone
		{8EF364A2-DBC4-4B26-9CC5-99157E4AE2D0}.Ad-Hoc|iPhoneSimulator.ActiveCfg = Ad-Hoc|iPhoneSimulator
		{8EF364A2-DBC4-4B26-9CC5-99157E4AE2D0}.Ad-Hoc|iPhoneSimulator.Build.0 = Ad-Hoc|iPhoneSimulator
		{8EF364A2-DBC4-4B26-9CC5-99157E4AE2D0}.Ad-Hoc|iPhoneSimulator.Deploy.0 = Ad-Hoc|iPhoneSimulator
		{8EF364A2-DBC4-4B26-9CC5-99157E4AE2D0}.Ad-Hoc|x64.ActiveCfg = Ad-Hoc|iPhone
		{8EF364A2-DBC4-4B26-9CC5-99157E4AE2D0}.Ad-Hoc|x64.Build.0 = Ad-Hoc|iPhone
		{8EF364A2-DBC4-4B26-9CC5-99157E4AE2D0}.Ad-Hoc|x64.Deploy.0 = Ad-Hoc|iPhone
		{8EF364A2-DBC4-4B26-9CC5-99157E4AE2D0}.Ad-Hoc|x86.ActiveCfg = Ad-Hoc|iPhone
		{8EF364A2-DBC4-4B26-9CC5-99157E4AE2D0}.Ad-Hoc|x86.Build.0 = Ad-Hoc|iPhone
		{8EF364A2-DBC4-4B26-9CC5-99157E4AE2D0}.Ad-Hoc|x86.Deploy.0 = Ad-Hoc|iPhone
		{8EF364A2-DBC4-4B26-9CC5-99157E4AE2D0}.AppStore|Any CPU.ActiveCfg = AppStore|iPhone
		{8EF364A2-DBC4-4B26-9CC5-99157E4AE2D0}.AppStore|Any CPU.Build.0 = AppStore|iPhone
		{8EF364A2-DBC4-4B26-9CC5-99157E4AE2D0}.AppStore|Any CPU.Deploy.0 = AppStore|iPhone
		{8EF364A2-DBC4-4B26-9CC5-99157E4AE2D0}.AppStore|ARM.ActiveCfg = AppStore|iPhone
		{8EF364A2-DBC4-4B26-9CC5-99157E4AE2D0}.AppStore|ARM.Build.0 = AppStore|iPhone
		{8EF364A2-DBC4-4B26-9CC5-99157E4AE2D0}.AppStore|ARM.Deploy.0 = AppStore|iPhone
		{8EF364A2-DBC4-4B26-9CC5-99157E4AE2D0}.AppStore|iPhone.ActiveCfg = AppStore|iPhone
		{8EF364A2-DBC4-4B26-9CC5-99157E4AE2D0}.AppStore|iPhone.Build.0 = AppStore|iPhone
		{8EF364A2-DBC4-4B26-9CC5-99157E4AE2D0}.AppStore|iPhone.Deploy.0 = AppStore|iPhone
		{8EF364A2-DBC4-4B26-9CC5-99157E4AE2D0}.AppStore|iPhoneSimulator.ActiveCfg = AppStore|iPhoneSimulator
		{8EF364A2-DBC4-4B26-9CC5-99157E4AE2D0}.AppStore|iPhoneSimulator.Build.0 = AppStore|iPhoneSimulator
		{8EF364A2-DBC4-4B26-9CC5-99157E4AE2D0}.AppStore|iPhoneSimulator.Deploy.0 = AppStore|iPhoneSimulator
		{8EF364A2-DBC4-4B26-9CC5-99157E4AE2D0}.AppStore|x64.ActiveCfg = AppStore|iPhone
		{8EF364A2-DBC4-4B26-9CC5-99157E4AE2D0}.AppStore|x64.Build.0 = AppStore|iPhone
		{8EF364A2-DBC4-4B26-9CC5-99157E4AE2D0}.AppStore|x64.Deploy.0 = AppStore|iPhone
		{8EF364A2-DBC4-4B26-9CC5-99157E4AE2D0}.AppStore|x86.ActiveCfg = AppStore|iPhone
		{8EF364A2-DBC4-4B26-9CC5-99157E4AE2D0}.AppStore|x86.Build.0 = AppStore|iPhone
		{8EF364A2-DBC4-4B26-9CC5-99157E4AE2D0}.AppStore|x86.Deploy.0 = AppStore|iPhone
		{8EF364A2-DBC4-4B26-9CC5-99157E4AE2D0}.Debug|Any CPU.ActiveCfg = Debug|iPhoneSimulator
		{8EF364A2-DBC4-4B26-9CC5-99157E4AE2D0}.Debug|Any CPU.Build.0 = Debug|iPhoneSimulator
		{8EF364A2-DBC4-4B26-9CC5-99157E4AE2D0}.Debug|Any CPU.Deploy.0 = Debug|iPhoneSimulator
		{8EF364A2-DBC4-4B26-9CC5-99157E4AE2D0}.Debug|ARM.ActiveCfg = Debug|iPhone
		{8EF364A2-DBC4-4B26-9CC5-99157E4AE2D0}.Debug|ARM.Build.0 = Debug|iPhone
		{8EF364A2-DBC4-4B26-9CC5-99157E4AE2D0}.Debug|ARM.Deploy.0 = Debug|iPhone
		{8EF364A2-DBC4-4B26-9CC5-99157E4AE2D0}.Debug|iPhone.ActiveCfg = Debug|iPhone
		{8EF364A2-DBC4-4B26-9CC5-99157E4AE2D0}.Debug|iPhone.Build.0 = Debug|iPhone
		{8EF364A2-DBC4-4B26-9CC5-99157E4AE2D0}.Debug|iPhone.Deploy.0 = Debug|iPhone
		{8EF364A2-DBC4-4B26-9CC5-99157E4AE2D0}.Debug|iPhoneSimulator.ActiveCfg = Debug|iPhoneSimulator
		{8EF364A2-DBC4-4B26-9CC5-99157E4AE2D0}.Debug|iPhoneSimulator.Build.0 = Debug|iPhoneSimulator
		{8EF364A2-DBC4-4B26-9CC5-99157E4AE2D0}.Debug|iPhoneSimulator.Deploy.0 = Debug|iPhoneSimulator
		{8EF364A2-DBC4-4B26-9CC5-99157E4AE2D0}.Debug|x64.ActiveCfg = Debug|iPhone
		{8EF364A2-DBC4-4B26-9CC5-99157E4AE2D0}.Debug|x64.Build.0 = Debug|iPhone
		{8EF364A2-DBC4-4B26-9CC5-99157E4AE2D0}.Debug|x64.Deploy.0 = Debug|iPhone
		{8EF364A2-DBC4-4B26-9CC5-99157E4AE2D0}.Debug|x86.ActiveCfg = Debug|iPhone
		{8EF364A2-DBC4-4B26-9CC5-99157E4AE2D0}.Debug|x86.Build.0 = Debug|iPhone
		{8EF364A2-DBC4-4B26-9CC5-99157E4AE2D0}.Debug|x86.Deploy.0 = Debug|iPhone
		{8EF364A2-DBC4-4B26-9CC5-99157E4AE2D0}.Release|Any CPU.ActiveCfg = Release|iPhone
		{8EF364A2-DBC4-4B26-9CC5-99157E4AE2D0}.Release|Any CPU.Build.0 = Release|iPhone
		{8EF364A2-DBC4-4B26-9CC5-99157E4AE2D0}.Release|Any CPU.Deploy.0 = Release|iPhone
		{8EF364A2-DBC4-4B26-9CC5-99157E4AE2D0}.Release|ARM.ActiveCfg = Release|iPhone
		{8EF364A2-DBC4-4B26-9CC5-99157E4AE2D0}.Release|ARM.Build.0 = Release|iPhone
		{8EF364A2-DBC4-4B26-9CC5-99157E4AE2D0}.Release|ARM.Deploy.0 = Release|iPhone
		{8EF364A2-DBC4-4B26-9CC5-99157E4AE2D0}.Release|iPhone.ActiveCfg = Release|iPhone
		{8EF364A2-DBC4-4B26-9CC5-99157E4AE2D0}.Release|iPhone.Build.0 = Release|iPhone
		{8EF364A2-DBC4-4B26-9CC5-99157E4AE2D0}.Release|iPhone.Deploy.0 = Release|iPhone
		{8EF364A2-DBC4-4B26-9CC5-99157E4AE2D0}.Release|iPhoneSimulator.ActiveCfg = Release|iPhoneSimulator
		{8EF364A2-DBC4-4B26-9CC5-99157E4AE2D0}.Release|iPhoneSimulator.Build.0 = Release|iPhoneSimulator
		{8EF364A2-DBC4-4B26-9CC5-99157E4AE2D0}.Release|iPhoneSimulator.Deploy.0 = Release|iPhoneSimulator
		{8EF364A2-DBC4-4B26-9CC5-99157E4AE2D0}.Release|x64.ActiveCfg = Release|iPhone
		{8EF364A2-DBC4-4B26-9CC5-99157E4AE2D0}.Release|x64.Build.0 = Release|iPhone
		{8EF364A2-DBC4-4B26-9CC5-99157E4AE2D0}.Release|x64.Deploy.0 = Release|iPhone
		{8EF364A2-DBC4-4B26-9CC5-99157E4AE2D0}.Release|x86.ActiveCfg = Release|iPhone
		{8EF364A2-DBC4-4B26-9CC5-99157E4AE2D0}.Release|x86.Build.0 = Release|iPhone
		{8EF364A2-DBC4-4B26-9CC5-99157E4AE2D0}.Release|x86.Deploy.0 = Release|iPhone
		{5AEEFF56-FB1A-4856-BDBD-3A6EBC1D5235}.Ad-Hoc|Any CPU.ActiveCfg = Release|x86
		{5AEEFF56-FB1A-4856-BDBD-3A6EBC1D5235}.Ad-Hoc|Any CPU.Build.0 = Release|x86
		{5AEEFF56-FB1A-4856-BDBD-3A6EBC1D5235}.Ad-Hoc|Any CPU.Deploy.0 = Release|x86
		{5AEEFF56-FB1A-4856-BDBD-3A6EBC1D5235}.Ad-Hoc|ARM.ActiveCfg = Release|ARM
		{5AEEFF56-FB1A-4856-BDBD-3A6EBC1D5235}.Ad-Hoc|ARM.Build.0 = Release|ARM
		{5AEEFF56-FB1A-4856-BDBD-3A6EBC1D5235}.Ad-Hoc|ARM.Deploy.0 = Release|ARM
		{5AEEFF56-FB1A-4856-BDBD-3A6EBC1D5235}.Ad-Hoc|iPhone.ActiveCfg = Release|x86
		{5AEEFF56-FB1A-4856-BDBD-3A6EBC1D5235}.Ad-Hoc|iPhone.Build.0 = Release|x86
		{5AEEFF56-FB1A-4856-BDBD-3A6EBC1D5235}.Ad-Hoc|iPhone.Deploy.0 = Release|x86
		{5AEEFF56-FB1A-4856-BDBD-3A6EBC1D5235}.Ad-Hoc|iPhoneSimulator.ActiveCfg = Release|x86
		{5AEEFF56-FB1A-4856-BDBD-3A6EBC1D5235}.Ad-Hoc|iPhoneSimulator.Build.0 = Release|x86
		{5AEEFF56-FB1A-4856-BDBD-3A6EBC1D5235}.Ad-Hoc|iPhoneSimulator.Deploy.0 = Release|x86
		{5AEEFF56-FB1A-4856-BDBD-3A6EBC1D5235}.Ad-Hoc|x64.ActiveCfg = Release|x64
		{5AEEFF56-FB1A-4856-BDBD-3A6EBC1D5235}.Ad-Hoc|x64.Build.0 = Release|x64
		{5AEEFF56-FB1A-4856-BDBD-3A6EBC1D5235}.Ad-Hoc|x64.Deploy.0 = Release|x64
		{5AEEFF56-FB1A-4856-BDBD-3A6EBC1D5235}.Ad-Hoc|x86.ActiveCfg = Release|x86
		{5AEEFF56-FB1A-4856-BDBD-3A6EBC1D5235}.Ad-Hoc|x86.Build.0 = Release|x86
		{5AEEFF56-FB1A-4856-BDBD-3A6EBC1D5235}.Ad-Hoc|x86.Deploy.0 = Release|x86
		{5AEEFF56-FB1A-4856-BDBD-3A6EBC1D5235}.AppStore|Any CPU.ActiveCfg = Release|x86
		{5AEEFF56-FB1A-4856-BDBD-3A6EBC1D5235}.AppStore|Any CPU.Build.0 = Release|x86
		{5AEEFF56-FB1A-4856-BDBD-3A6EBC1D5235}.AppStore|Any CPU.Deploy.0 = Release|x86
		{5AEEFF56-FB1A-4856-BDBD-3A6EBC1D5235}.AppStore|ARM.ActiveCfg = Release|ARM
		{5AEEFF56-FB1A-4856-BDBD-3A6EBC1D5235}.AppStore|ARM.Build.0 = Release|ARM
		{5AEEFF56-FB1A-4856-BDBD-3A6EBC1D5235}.AppStore|ARM.Deploy.0 = Release|ARM
		{5AEEFF56-FB1A-4856-BDBD-3A6EBC1D5235}.AppStore|iPhone.ActiveCfg = Release|x86
		{5AEEFF56-FB1A-4856-BDBD-3A6EBC1D5235}.AppStore|iPhone.Build.0 = Release|x86
		{5AEEFF56-FB1A-4856-BDBD-3A6EBC1D5235}.AppStore|iPhone.Deploy.0 = Release|x86
		{5AEEFF56-FB1A-4856-BDBD-3A6EBC1D5235}.AppStore|iPhoneSimulator.ActiveCfg = Release|x86
		{5AEEFF56-FB1A-4856-BDBD-3A6EBC1D5235}.AppStore|iPhoneSimulator.Build.0 = Release|x86
		{5AEEFF56-FB1A-4856-BDBD-3A6EBC1D5235}.AppStore|iPhoneSimulator.Deploy.0 = Release|x86
		{5AEEFF56-FB1A-4856-BDBD-3A6EBC1D5235}.AppStore|x64.ActiveCfg = Release|x64
		{5AEEFF56-FB1A-4856-BDBD-3A6EBC1D5235}.AppStore|x64.Build.0 = Release|x64
		{5AEEFF56-FB1A-4856-BDBD-3A6EBC1D5235}.AppStore|x64.Deploy.0 = Release|x64
		{5AEEFF56-FB1A-4856-BDBD-3A6EBC1D5235}.AppStore|x86.ActiveCfg = Release|x86
		{5AEEFF56-FB1A-4856-BDBD-3A6EBC1D5235}.AppStore|x86.Build.0 = Release|x86
		{5AEEFF56-FB1A-4856-BDBD-3A6EBC1D5235}.AppStore|x86.Deploy.0 = Release|x86
		{5AEEFF56-FB1A-4856-BDBD-3A6EBC1D5235}.Debug|Any CPU.ActiveCfg = Debug|x86
		{5AEEFF56-FB1A-4856-BDBD-3A6EBC1D5235}.Debug|Any CPU.Build.0 = Debug|x86
		{5AEEFF56-FB1A-4856-BDBD-3A6EBC1D5235}.Debug|Any CPU.Deploy.0 = Debug|x86
		{5AEEFF56-FB1A-4856-BDBD-3A6EBC1D5235}.Debug|ARM.ActiveCfg = Debug|ARM
		{5AEEFF56-FB1A-4856-BDBD-3A6EBC1D5235}.Debug|ARM.Build.0 = Debug|ARM
		{5AEEFF56-FB1A-4856-BDBD-3A6EBC1D5235}.Debug|ARM.Deploy.0 = Debug|ARM
		{5AEEFF56-FB1A-4856-BDBD-3A6EBC1D5235}.Debug|iPhone.ActiveCfg = Debug|x86
		{5AEEFF56-FB1A-4856-BDBD-3A6EBC1D5235}.Debug|iPhone.Build.0 = Debug|x86
		{5AEEFF56-FB1A-4856-BDBD-3A6EBC1D5235}.Debug|iPhone.Deploy.0 = Debug|x86
		{5AEEFF56-FB1A-4856-BDBD-3A6EBC1D5235}.Debug|iPhoneSimulator.ActiveCfg = Debug|x86
		{5AEEFF56-FB1A-4856-BDBD-3A6EBC1D5235}.Debug|iPhoneSimulator.Build.0 = Debug|x86
		{5AEEFF56-FB1A-4856-BDBD-3A6EBC1D5235}.Debug|iPhoneSimulator.Deploy.0 = Debug|x86
		{5AEEFF56-FB1A-4856-BDBD-3A6EBC1D5235}.Debug|x64.ActiveCfg = Debug|x64
		{5AEEFF56-FB1A-4856-BDBD-3A6EBC1D5235}.Debug|x64.Build.0 = Debug|x64
		{5AEEFF56-FB1A-4856-BDBD-3A6EBC1D5235}.Debug|x64.Deploy.0 = Debug|x64
		{5AEEFF56-FB1A-4856-BDBD-3A6EBC1D5235}.Debug|x86.ActiveCfg = Debug|x86
		{5AEEFF56-FB1A-4856-BDBD-3A6EBC1D5235}.Debug|x86.Build.0 = Debug|x86
		{5AEEFF56-FB1A-4856-BDBD-3A6EBC1D5235}.Debug|x86.Deploy.0 = Debug|x86
		{5AEEFF56-FB1A-4856-BDBD-3A6EBC1D5235}.Release|Any CPU.ActiveCfg = Release|x86
		{5AEEFF56-FB1A-4856-BDBD-3A6EBC1D5235}.Release|Any CPU.Build.0 = Release|x86
		{5AEEFF56-FB1A-4856-BDBD-3A6EBC1D5235}.Release|Any CPU.Deploy.0 = Release|x86
		{5AEEFF56-FB1A-4856-BDBD-3A6EBC1D5235}.Release|ARM.ActiveCfg = Release|ARM
		{5AEEFF56-FB1A-4856-BDBD-3A6EBC1D5235}.Release|ARM.Build.0 = Release|ARM
		{5AEEFF56-FB1A-4856-BDBD-3A6EBC1D5235}.Release|ARM.Deploy.0 = Release|ARM
		{5AEEFF56-FB1A-4856-BDBD-3A6EBC1D5235}.Release|iPhone.ActiveCfg = Release|x86
		{5AEEFF56-FB1A-4856-BDBD-3A6EBC1D5235}.Release|iPhone.Build.0 = Release|x86
		{5AEEFF56-FB1A-4856-BDBD-3A6EBC1D5235}.Release|iPhone.Deploy.0 = Release|x86
		{5AEEFF56-FB1A-4856-BDBD-3A6EBC1D5235}.Release|iPhoneSimulator.ActiveCfg = Release|x86
		{5AEEFF56-FB1A-4856-BDBD-3A6EBC1D5235}.Release|iPhoneSimulator.Build.0 = Release|x86
		{5AEEFF56-FB1A-4856-BDBD-3A6EBC1D5235}.Release|iPhoneSimulator.Deploy.0 = Release|x86
		{5AEEFF56-FB1A-4856-BDBD-3A6EBC1D5235}.Release|x64.ActiveCfg = Release|x64
		{5AEEFF56-FB1A-4856-BDBD-3A6EBC1D5235}.Release|x64.Build.0 = Release|x64
		{5AEEFF56-FB1A-4856-BDBD-3A6EBC1D5235}.Release|x64.Deploy.0 = Release|x64
		{5AEEFF56-FB1A-4856-BDBD-3A6EBC1D5235}.Release|x86.ActiveCfg = Release|x86
		{5AEEFF56-FB1A-4856-BDBD-3A6EBC1D5235}.Release|x86.Build.0 = Release|x86
		{5AEEFF56-FB1A-4856-BDBD-3A6EBC1D5235}.Release|x86.Deploy.0 = Release|x86
		{281931CC-610F-4EE6-A35C-0A386176D9E3}.Ad-Hoc|Any CPU.ActiveCfg = Debug|Any CPU
		{281931CC-610F-4EE6-A35C-0A386176D9E3}.Ad-Hoc|Any CPU.Build.0 = Debug|Any CPU
		{281931CC-610F-4EE6-A35C-0A386176D9E3}.Ad-Hoc|Any CPU.Deploy.0 = Debug|Any CPU
		{281931CC-610F-4EE6-A35C-0A386176D9E3}.Ad-Hoc|ARM.ActiveCfg = Debug|Any CPU
		{281931CC-610F-4EE6-A35C-0A386176D9E3}.Ad-Hoc|ARM.Build.0 = Debug|Any CPU
		{281931CC-610F-4EE6-A35C-0A386176D9E3}.Ad-Hoc|ARM.Deploy.0 = Debug|Any CPU
		{281931CC-610F-4EE6-A35C-0A386176D9E3}.Ad-Hoc|iPhone.ActiveCfg = Debug|Any CPU
		{281931CC-610F-4EE6-A35C-0A386176D9E3}.Ad-Hoc|iPhone.Build.0 = Debug|Any CPU
		{281931CC-610F-4EE6-A35C-0A386176D9E3}.Ad-Hoc|iPhone.Deploy.0 = Debug|Any CPU
		{281931CC-610F-4EE6-A35C-0A386176D9E3}.Ad-Hoc|iPhoneSimulator.ActiveCfg = Debug|Any CPU
		{281931CC-610F-4EE6-A35C-0A386176D9E3}.Ad-Hoc|iPhoneSimulator.Build.0 = Debug|Any CPU
		{281931CC-610F-4EE6-A35C-0A386176D9E3}.Ad-Hoc|iPhoneSimulator.Deploy.0 = Debug|Any CPU
		{281931CC-610F-4EE6-A35C-0A386176D9E3}.Ad-Hoc|x64.ActiveCfg = Debug|Any CPU
		{281931CC-610F-4EE6-A35C-0A386176D9E3}.Ad-Hoc|x64.Build.0 = Debug|Any CPU
		{281931CC-610F-4EE6-A35C-0A386176D9E3}.Ad-Hoc|x64.Deploy.0 = Debug|Any CPU
		{281931CC-610F-4EE6-A35C-0A386176D9E3}.Ad-Hoc|x86.ActiveCfg = Debug|Any CPU
		{281931CC-610F-4EE6-A35C-0A386176D9E3}.Ad-Hoc|x86.Build.0 = Debug|Any CPU
		{281931CC-610F-4EE6-A35C-0A386176D9E3}.Ad-Hoc|x86.Deploy.0 = Debug|Any CPU
		{281931CC-610F-4EE6-A35C-0A386176D9E3}.AppStore|Any CPU.ActiveCfg = Debug|Any CPU
		{281931CC-610F-4EE6-A35C-0A386176D9E3}.AppStore|Any CPU.Build.0 = Debug|Any CPU
		{281931CC-610F-4EE6-A35C-0A386176D9E3}.AppStore|Any CPU.Deploy.0 = Debug|Any CPU
		{281931CC-610F-4EE6-A35C-0A386176D9E3}.AppStore|ARM.ActiveCfg = Debug|Any CPU
		{281931CC-610F-4EE6-A35C-0A386176D9E3}.AppStore|ARM.Build.0 = Debug|Any CPU
		{281931CC-610F-4EE6-A35C-0A386176D9E3}.AppStore|ARM.Deploy.0 = Debug|Any CPU
		{281931CC-610F-4EE6-A35C-0A386176D9E3}.AppStore|iPhone.ActiveCfg = Debug|Any CPU
		{281931CC-610F-4EE6-A35C-0A386176D9E3}.AppStore|iPhone.Build.0 = Debug|Any CPU
		{281931CC-610F-4EE6-A35C-0A386176D9E3}.AppStore|iPhone.Deploy.0 = Debug|Any CPU
		{281931CC-610F-4EE6-A35C-0A386176D9E3}.AppStore|iPhoneSimulator.ActiveCfg = Debug|Any CPU
		{281931CC-610F-4EE6-A35C-0A386176D9E3}.AppStore|iPhoneSimulator.Build.0 = Debug|Any CPU
		{281931CC-610F-4EE6-A35C-0A386176D9E3}.AppStore|iPhoneSimulator.Deploy.0 = Debug|Any CPU
		{281931CC-610F-4EE6-A35C-0A386176D9E3}.AppStore|x64.ActiveCfg = Debug|Any CPU
		{281931CC-610F-4EE6-A35C-0A386176D9E3}.AppStore|x64.Build.0 = Debug|Any CPU
		{281931CC-610F-4EE6-A35C-0A386176D9E3}.AppStore|x64.Deploy.0 = Debug|Any CPU
		{281931CC-610F-4EE6-A35C-0A386176D9E3}.AppStore|x86.ActiveCfg = Debug|Any CPU
		{281931CC-610F-4EE6-A35C-0A386176D9E3}.AppStore|x86.Build.0 = Debug|Any CPU
		{281931CC-610F-4EE6-A35C-0A386176D9E3}.AppStore|x86.Deploy.0 = Debug|Any CPU
		{281931CC-610F-4EE6-A35C-0A386176D9E3}.Debug|Any CPU.ActiveCfg = Debug|Any CPU
		{281931CC-610F-4EE6-A35C-0A386176D9E3}.Debug|Any CPU.Build.0 = Debug|Any CPU
		{281931CC-610F-4EE6-A35C-0A386176D9E3}.Debug|Any CPU.Deploy.0 = Debug|Any CPU
		{281931CC-610F-4EE6-A35C-0A386176D9E3}.Debug|ARM.ActiveCfg = Debug|Any CPU
		{281931CC-610F-4EE6-A35C-0A386176D9E3}.Debug|ARM.Build.0 = Debug|Any CPU
		{281931CC-610F-4EE6-A35C-0A386176D9E3}.Debug|ARM.Deploy.0 = Debug|Any CPU
		{281931CC-610F-4EE6-A35C-0A386176D9E3}.Debug|iPhone.ActiveCfg = Debug|Any CPU
		{281931CC-610F-4EE6-A35C-0A386176D9E3}.Debug|iPhone.Build.0 = Debug|Any CPU
		{281931CC-610F-4EE6-A35C-0A386176D9E3}.Debug|iPhone.Deploy.0 = Debug|Any CPU
		{281931CC-610F-4EE6-A35C-0A386176D9E3}.Debug|iPhoneSimulator.ActiveCfg = Debug|Any CPU
		{281931CC-610F-4EE6-A35C-0A386176D9E3}.Debug|iPhoneSimulator.Build.0 = Debug|Any CPU
		{281931CC-610F-4EE6-A35C-0A386176D9E3}.Debug|iPhoneSimulator.Deploy.0 = Debug|Any CPU
		{281931CC-610F-4EE6-A35C-0A386176D9E3}.Debug|x64.ActiveCfg = Debug|Any CPU
		{281931CC-610F-4EE6-A35C-0A386176D9E3}.Debug|x64.Build.0 = Debug|Any CPU
		{281931CC-610F-4EE6-A35C-0A386176D9E3}.Debug|x64.Deploy.0 = Debug|Any CPU
		{281931CC-610F-4EE6-A35C-0A386176D9E3}.Debug|x86.ActiveCfg = Debug|Any CPU
		{281931CC-610F-4EE6-A35C-0A386176D9E3}.Debug|x86.Build.0 = Debug|Any CPU
		{281931CC-610F-4EE6-A35C-0A386176D9E3}.Debug|x86.Deploy.0 = Debug|Any CPU
		{281931CC-610F-4EE6-A35C-0A386176D9E3}.Release|Any CPU.ActiveCfg = Release|Any CPU
		{281931CC-610F-4EE6-A35C-0A386176D9E3}.Release|Any CPU.Build.0 = Release|Any CPU
		{281931CC-610F-4EE6-A35C-0A386176D9E3}.Release|Any CPU.Deploy.0 = Release|Any CPU
		{281931CC-610F-4EE6-A35C-0A386176D9E3}.Release|ARM.ActiveCfg = Release|Any CPU
		{281931CC-610F-4EE6-A35C-0A386176D9E3}.Release|ARM.Build.0 = Release|Any CPU
		{281931CC-610F-4EE6-A35C-0A386176D9E3}.Release|ARM.Deploy.0 = Release|Any CPU
		{281931CC-610F-4EE6-A35C-0A386176D9E3}.Release|iPhone.ActiveCfg = Release|Any CPU
		{281931CC-610F-4EE6-A35C-0A386176D9E3}.Release|iPhone.Build.0 = Release|Any CPU
		{281931CC-610F-4EE6-A35C-0A386176D9E3}.Release|iPhone.Deploy.0 = Release|Any CPU
		{281931CC-610F-4EE6-A35C-0A386176D9E3}.Release|iPhoneSimulator.ActiveCfg = Release|Any CPU
		{281931CC-610F-4EE6-A35C-0A386176D9E3}.Release|iPhoneSimulator.Build.0 = Release|Any CPU
		{281931CC-610F-4EE6-A35C-0A386176D9E3}.Release|iPhoneSimulator.Deploy.0 = Release|Any CPU
		{281931CC-610F-4EE6-A35C-0A386176D9E3}.Release|x64.ActiveCfg = Release|Any CPU
		{281931CC-610F-4EE6-A35C-0A386176D9E3}.Release|x64.Build.0 = Release|Any CPU
		{281931CC-610F-4EE6-A35C-0A386176D9E3}.Release|x64.Deploy.0 = Release|Any CPU
		{281931CC-610F-4EE6-A35C-0A386176D9E3}.Release|x86.ActiveCfg = Release|Any CPU
		{281931CC-610F-4EE6-A35C-0A386176D9E3}.Release|x86.Build.0 = Release|Any CPU
		{281931CC-610F-4EE6-A35C-0A386176D9E3}.Release|x86.Deploy.0 = Release|Any CPU
		{AA0D633F-8ECE-4196-9B3E-94C4F56D270D}.Ad-Hoc|Any CPU.ActiveCfg = Release|Any CPU
		{AA0D633F-8ECE-4196-9B3E-94C4F56D270D}.Ad-Hoc|Any CPU.Build.0 = Release|Any CPU
		{AA0D633F-8ECE-4196-9B3E-94C4F56D270D}.Ad-Hoc|ARM.ActiveCfg = Release|Any CPU
		{AA0D633F-8ECE-4196-9B3E-94C4F56D270D}.Ad-Hoc|ARM.Build.0 = Release|Any CPU
		{AA0D633F-8ECE-4196-9B3E-94C4F56D270D}.Ad-Hoc|iPhone.ActiveCfg = Release|Any CPU
		{AA0D633F-8ECE-4196-9B3E-94C4F56D270D}.Ad-Hoc|iPhone.Build.0 = Release|Any CPU
		{AA0D633F-8ECE-4196-9B3E-94C4F56D270D}.Ad-Hoc|iPhoneSimulator.ActiveCfg = Release|Any CPU
		{AA0D633F-8ECE-4196-9B3E-94C4F56D270D}.Ad-Hoc|iPhoneSimulator.Build.0 = Release|Any CPU
		{AA0D633F-8ECE-4196-9B3E-94C4F56D270D}.Ad-Hoc|x64.ActiveCfg = Release|Any CPU
		{AA0D633F-8ECE-4196-9B3E-94C4F56D270D}.Ad-Hoc|x64.Build.0 = Release|Any CPU
		{AA0D633F-8ECE-4196-9B3E-94C4F56D270D}.Ad-Hoc|x86.ActiveCfg = Release|Any CPU
		{AA0D633F-8ECE-4196-9B3E-94C4F56D270D}.Ad-Hoc|x86.Build.0 = Release|Any CPU
		{AA0D633F-8ECE-4196-9B3E-94C4F56D270D}.AppStore|Any CPU.ActiveCfg = Release|Any CPU
		{AA0D633F-8ECE-4196-9B3E-94C4F56D270D}.AppStore|Any CPU.Build.0 = Release|Any CPU
		{AA0D633F-8ECE-4196-9B3E-94C4F56D270D}.AppStore|ARM.ActiveCfg = Release|Any CPU
		{AA0D633F-8ECE-4196-9B3E-94C4F56D270D}.AppStore|ARM.Build.0 = Release|Any CPU
		{AA0D633F-8ECE-4196-9B3E-94C4F56D270D}.AppStore|iPhone.ActiveCfg = Release|Any CPU
		{AA0D633F-8ECE-4196-9B3E-94C4F56D270D}.AppStore|iPhone.Build.0 = Release|Any CPU
		{AA0D633F-8ECE-4196-9B3E-94C4F56D270D}.AppStore|iPhoneSimulator.ActiveCfg = Release|Any CPU
		{AA0D633F-8ECE-4196-9B3E-94C4F56D270D}.AppStore|iPhoneSimulator.Build.0 = Release|Any CPU
		{AA0D633F-8ECE-4196-9B3E-94C4F56D270D}.AppStore|x64.ActiveCfg = Release|Any CPU
		{AA0D633F-8ECE-4196-9B3E-94C4F56D270D}.AppStore|x64.Build.0 = Release|Any CPU
		{AA0D633F-8ECE-4196-9B3E-94C4F56D270D}.AppStore|x86.ActiveCfg = Release|Any CPU
		{AA0D633F-8ECE-4196-9B3E-94C4F56D270D}.AppStore|x86.Build.0 = Release|Any CPU
		{AA0D633F-8ECE-4196-9B3E-94C4F56D270D}.Debug|Any CPU.ActiveCfg = Debug|Any CPU
		{AA0D633F-8ECE-4196-9B3E-94C4F56D270D}.Debug|Any CPU.Build.0 = Debug|Any CPU
		{AA0D633F-8ECE-4196-9B3E-94C4F56D270D}.Debug|ARM.ActiveCfg = Debug|Any CPU
		{AA0D633F-8ECE-4196-9B3E-94C4F56D270D}.Debug|ARM.Build.0 = Debug|Any CPU
		{AA0D633F-8ECE-4196-9B3E-94C4F56D270D}.Debug|iPhone.ActiveCfg = Debug|Any CPU
		{AA0D633F-8ECE-4196-9B3E-94C4F56D270D}.Debug|iPhone.Build.0 = Debug|Any CPU
		{AA0D633F-8ECE-4196-9B3E-94C4F56D270D}.Debug|iPhoneSimulator.ActiveCfg = Debug|Any CPU
		{AA0D633F-8ECE-4196-9B3E-94C4F56D270D}.Debug|iPhoneSimulator.Build.0 = Debug|Any CPU
		{AA0D633F-8ECE-4196-9B3E-94C4F56D270D}.Debug|x64.ActiveCfg = Debug|Any CPU
		{AA0D633F-8ECE-4196-9B3E-94C4F56D270D}.Debug|x64.Build.0 = Debug|Any CPU
		{AA0D633F-8ECE-4196-9B3E-94C4F56D270D}.Debug|x86.ActiveCfg = Debug|Any CPU
		{AA0D633F-8ECE-4196-9B3E-94C4F56D270D}.Debug|x86.Build.0 = Debug|Any CPU
		{AA0D633F-8ECE-4196-9B3E-94C4F56D270D}.Release|Any CPU.ActiveCfg = Release|Any CPU
		{AA0D633F-8ECE-4196-9B3E-94C4F56D270D}.Release|Any CPU.Build.0 = Release|Any CPU
		{AA0D633F-8ECE-4196-9B3E-94C4F56D270D}.Release|ARM.ActiveCfg = Release|Any CPU
		{AA0D633F-8ECE-4196-9B3E-94C4F56D270D}.Release|ARM.Build.0 = Release|Any CPU
		{AA0D633F-8ECE-4196-9B3E-94C4F56D270D}.Release|iPhone.ActiveCfg = Release|Any CPU
		{AA0D633F-8ECE-4196-9B3E-94C4F56D270D}.Release|iPhone.Build.0 = Release|Any CPU
		{AA0D633F-8ECE-4196-9B3E-94C4F56D270D}.Release|iPhoneSimulator.ActiveCfg = Release|Any CPU
		{AA0D633F-8ECE-4196-9B3E-94C4F56D270D}.Release|iPhoneSimulator.Build.0 = Release|Any CPU
		{AA0D633F-8ECE-4196-9B3E-94C4F56D270D}.Release|x64.ActiveCfg = Release|Any CPU
		{AA0D633F-8ECE-4196-9B3E-94C4F56D270D}.Release|x64.Build.0 = Release|Any CPU
		{AA0D633F-8ECE-4196-9B3E-94C4F56D270D}.Release|x86.ActiveCfg = Release|Any CPU
		{AA0D633F-8ECE-4196-9B3E-94C4F56D270D}.Release|x86.Build.0 = Release|Any CPU
		{659C1A0D-BB8E-4FF1-85A1-540BE245513F}.Ad-Hoc|Any CPU.ActiveCfg = Release|Any CPU
		{659C1A0D-BB8E-4FF1-85A1-540BE245513F}.Ad-Hoc|Any CPU.Build.0 = Release|Any CPU
		{659C1A0D-BB8E-4FF1-85A1-540BE245513F}.Ad-Hoc|ARM.ActiveCfg = Release|Any CPU
		{659C1A0D-BB8E-4FF1-85A1-540BE245513F}.Ad-Hoc|ARM.Build.0 = Release|Any CPU
		{659C1A0D-BB8E-4FF1-85A1-540BE245513F}.Ad-Hoc|iPhone.ActiveCfg = Release|Any CPU
		{659C1A0D-BB8E-4FF1-85A1-540BE245513F}.Ad-Hoc|iPhone.Build.0 = Release|Any CPU
		{659C1A0D-BB8E-4FF1-85A1-540BE245513F}.Ad-Hoc|iPhoneSimulator.ActiveCfg = Release|Any CPU
		{659C1A0D-BB8E-4FF1-85A1-540BE245513F}.Ad-Hoc|iPhoneSimulator.Build.0 = Release|Any CPU
		{659C1A0D-BB8E-4FF1-85A1-540BE245513F}.Ad-Hoc|x64.ActiveCfg = Release|Any CPU
		{659C1A0D-BB8E-4FF1-85A1-540BE245513F}.Ad-Hoc|x64.Build.0 = Release|Any CPU
		{659C1A0D-BB8E-4FF1-85A1-540BE245513F}.Ad-Hoc|x86.ActiveCfg = Release|Any CPU
		{659C1A0D-BB8E-4FF1-85A1-540BE245513F}.Ad-Hoc|x86.Build.0 = Release|Any CPU
		{659C1A0D-BB8E-4FF1-85A1-540BE245513F}.AppStore|Any CPU.ActiveCfg = Release|Any CPU
		{659C1A0D-BB8E-4FF1-85A1-540BE245513F}.AppStore|Any CPU.Build.0 = Release|Any CPU
		{659C1A0D-BB8E-4FF1-85A1-540BE245513F}.AppStore|ARM.ActiveCfg = Release|Any CPU
		{659C1A0D-BB8E-4FF1-85A1-540BE245513F}.AppStore|ARM.Build.0 = Release|Any CPU
		{659C1A0D-BB8E-4FF1-85A1-540BE245513F}.AppStore|iPhone.ActiveCfg = Release|Any CPU
		{659C1A0D-BB8E-4FF1-85A1-540BE245513F}.AppStore|iPhone.Build.0 = Release|Any CPU
		{659C1A0D-BB8E-4FF1-85A1-540BE245513F}.AppStore|iPhoneSimulator.ActiveCfg = Release|Any CPU
		{659C1A0D-BB8E-4FF1-85A1-540BE245513F}.AppStore|iPhoneSimulator.Build.0 = Release|Any CPU
		{659C1A0D-BB8E-4FF1-85A1-540BE245513F}.AppStore|x64.ActiveCfg = Release|Any CPU
		{659C1A0D-BB8E-4FF1-85A1-540BE245513F}.AppStore|x64.Build.0 = Release|Any CPU
		{659C1A0D-BB8E-4FF1-85A1-540BE245513F}.AppStore|x86.ActiveCfg = Release|Any CPU
		{659C1A0D-BB8E-4FF1-85A1-540BE245513F}.AppStore|x86.Build.0 = Release|Any CPU
		{659C1A0D-BB8E-4FF1-85A1-540BE245513F}.Debug|Any CPU.ActiveCfg = Debug|Any CPU
		{659C1A0D-BB8E-4FF1-85A1-540BE245513F}.Debug|Any CPU.Build.0 = Debug|Any CPU
		{659C1A0D-BB8E-4FF1-85A1-540BE245513F}.Debug|ARM.ActiveCfg = Debug|Any CPU
		{659C1A0D-BB8E-4FF1-85A1-540BE245513F}.Debug|ARM.Build.0 = Debug|Any CPU
		{659C1A0D-BB8E-4FF1-85A1-540BE245513F}.Debug|iPhone.ActiveCfg = Debug|Any CPU
		{659C1A0D-BB8E-4FF1-85A1-540BE245513F}.Debug|iPhone.Build.0 = Debug|Any CPU
		{659C1A0D-BB8E-4FF1-85A1-540BE245513F}.Debug|iPhoneSimulator.ActiveCfg = Debug|Any CPU
		{659C1A0D-BB8E-4FF1-85A1-540BE245513F}.Debug|iPhoneSimulator.Build.0 = Debug|Any CPU
		{659C1A0D-BB8E-4FF1-85A1-540BE245513F}.Debug|x64.ActiveCfg = Debug|Any CPU
		{659C1A0D-BB8E-4FF1-85A1-540BE245513F}.Debug|x64.Build.0 = Debug|Any CPU
		{659C1A0D-BB8E-4FF1-85A1-540BE245513F}.Debug|x86.ActiveCfg = Debug|Any CPU
		{659C1A0D-BB8E-4FF1-85A1-540BE245513F}.Debug|x86.Build.0 = Debug|Any CPU
		{659C1A0D-BB8E-4FF1-85A1-540BE245513F}.Release|Any CPU.ActiveCfg = Release|Any CPU
		{659C1A0D-BB8E-4FF1-85A1-540BE245513F}.Release|Any CPU.Build.0 = Release|Any CPU
		{659C1A0D-BB8E-4FF1-85A1-540BE245513F}.Release|ARM.ActiveCfg = Release|Any CPU
		{659C1A0D-BB8E-4FF1-85A1-540BE245513F}.Release|ARM.Build.0 = Release|Any CPU
		{659C1A0D-BB8E-4FF1-85A1-540BE245513F}.Release|iPhone.ActiveCfg = Release|Any CPU
		{659C1A0D-BB8E-4FF1-85A1-540BE245513F}.Release|iPhone.Build.0 = Release|Any CPU
		{659C1A0D-BB8E-4FF1-85A1-540BE245513F}.Release|iPhoneSimulator.ActiveCfg = Release|Any CPU
		{659C1A0D-BB8E-4FF1-85A1-540BE245513F}.Release|iPhoneSimulator.Build.0 = Release|Any CPU
		{659C1A0D-BB8E-4FF1-85A1-540BE245513F}.Release|x64.ActiveCfg = Release|Any CPU
		{659C1A0D-BB8E-4FF1-85A1-540BE245513F}.Release|x64.Build.0 = Release|Any CPU
		{659C1A0D-BB8E-4FF1-85A1-540BE245513F}.Release|x86.ActiveCfg = Release|Any CPU
		{659C1A0D-BB8E-4FF1-85A1-540BE245513F}.Release|x86.Build.0 = Release|Any CPU
		{85D2D06C-3A80-4EBC-8A4D-A1726770B475}.Ad-Hoc|Any CPU.ActiveCfg = Release|Any CPU
		{85D2D06C-3A80-4EBC-8A4D-A1726770B475}.Ad-Hoc|Any CPU.Build.0 = Release|Any CPU
		{85D2D06C-3A80-4EBC-8A4D-A1726770B475}.Ad-Hoc|ARM.ActiveCfg = Release|Any CPU
		{85D2D06C-3A80-4EBC-8A4D-A1726770B475}.Ad-Hoc|ARM.Build.0 = Release|Any CPU
		{85D2D06C-3A80-4EBC-8A4D-A1726770B475}.Ad-Hoc|iPhone.ActiveCfg = Release|Any CPU
		{85D2D06C-3A80-4EBC-8A4D-A1726770B475}.Ad-Hoc|iPhone.Build.0 = Release|Any CPU
		{85D2D06C-3A80-4EBC-8A4D-A1726770B475}.Ad-Hoc|iPhoneSimulator.ActiveCfg = Release|Any CPU
		{85D2D06C-3A80-4EBC-8A4D-A1726770B475}.Ad-Hoc|iPhoneSimulator.Build.0 = Release|Any CPU
		{85D2D06C-3A80-4EBC-8A4D-A1726770B475}.Ad-Hoc|x64.ActiveCfg = Release|Any CPU
		{85D2D06C-3A80-4EBC-8A4D-A1726770B475}.Ad-Hoc|x64.Build.0 = Release|Any CPU
		{85D2D06C-3A80-4EBC-8A4D-A1726770B475}.Ad-Hoc|x86.ActiveCfg = Release|Any CPU
		{85D2D06C-3A80-4EBC-8A4D-A1726770B475}.Ad-Hoc|x86.Build.0 = Release|Any CPU
		{85D2D06C-3A80-4EBC-8A4D-A1726770B475}.AppStore|Any CPU.ActiveCfg = Release|Any CPU
		{85D2D06C-3A80-4EBC-8A4D-A1726770B475}.AppStore|Any CPU.Build.0 = Release|Any CPU
		{85D2D06C-3A80-4EBC-8A4D-A1726770B475}.AppStore|ARM.ActiveCfg = Release|Any CPU
		{85D2D06C-3A80-4EBC-8A4D-A1726770B475}.AppStore|ARM.Build.0 = Release|Any CPU
		{85D2D06C-3A80-4EBC-8A4D-A1726770B475}.AppStore|iPhone.ActiveCfg = Release|Any CPU
		{85D2D06C-3A80-4EBC-8A4D-A1726770B475}.AppStore|iPhone.Build.0 = Release|Any CPU
		{85D2D06C-3A80-4EBC-8A4D-A1726770B475}.AppStore|iPhoneSimulator.ActiveCfg = Release|Any CPU
		{85D2D06C-3A80-4EBC-8A4D-A1726770B475}.AppStore|iPhoneSimulator.Build.0 = Release|Any CPU
		{85D2D06C-3A80-4EBC-8A4D-A1726770B475}.AppStore|x64.ActiveCfg = Release|Any CPU
		{85D2D06C-3A80-4EBC-8A4D-A1726770B475}.AppStore|x64.Build.0 = Release|Any CPU
		{85D2D06C-3A80-4EBC-8A4D-A1726770B475}.AppStore|x86.ActiveCfg = Release|Any CPU
		{85D2D06C-3A80-4EBC-8A4D-A1726770B475}.AppStore|x86.Build.0 = Release|Any CPU
		{85D2D06C-3A80-4EBC-8A4D-A1726770B475}.Debug|Any CPU.ActiveCfg = Debug|Any CPU
		{85D2D06C-3A80-4EBC-8A4D-A1726770B475}.Debug|Any CPU.Build.0 = Debug|Any CPU
		{85D2D06C-3A80-4EBC-8A4D-A1726770B475}.Debug|ARM.ActiveCfg = Debug|Any CPU
		{85D2D06C-3A80-4EBC-8A4D-A1726770B475}.Debug|ARM.Build.0 = Debug|Any CPU
		{85D2D06C-3A80-4EBC-8A4D-A1726770B475}.Debug|iPhone.ActiveCfg = Debug|Any CPU
		{85D2D06C-3A80-4EBC-8A4D-A1726770B475}.Debug|iPhone.Build.0 = Debug|Any CPU
		{85D2D06C-3A80-4EBC-8A4D-A1726770B475}.Debug|iPhoneSimulator.ActiveCfg = Debug|Any CPU
		{85D2D06C-3A80-4EBC-8A4D-A1726770B475}.Debug|iPhoneSimulator.Build.0 = Debug|Any CPU
		{85D2D06C-3A80-4EBC-8A4D-A1726770B475}.Debug|x64.ActiveCfg = Debug|Any CPU
		{85D2D06C-3A80-4EBC-8A4D-A1726770B475}.Debug|x64.Build.0 = Debug|Any CPU
		{85D2D06C-3A80-4EBC-8A4D-A1726770B475}.Debug|x86.ActiveCfg = Debug|Any CPU
		{85D2D06C-3A80-4EBC-8A4D-A1726770B475}.Debug|x86.Build.0 = Debug|Any CPU
		{85D2D06C-3A80-4EBC-8A4D-A1726770B475}.Release|Any CPU.ActiveCfg = Release|Any CPU
		{85D2D06C-3A80-4EBC-8A4D-A1726770B475}.Release|Any CPU.Build.0 = Release|Any CPU
		{85D2D06C-3A80-4EBC-8A4D-A1726770B475}.Release|ARM.ActiveCfg = Release|Any CPU
		{85D2D06C-3A80-4EBC-8A4D-A1726770B475}.Release|ARM.Build.0 = Release|Any CPU
		{85D2D06C-3A80-4EBC-8A4D-A1726770B475}.Release|iPhone.ActiveCfg = Release|Any CPU
		{85D2D06C-3A80-4EBC-8A4D-A1726770B475}.Release|iPhone.Build.0 = Release|Any CPU
		{85D2D06C-3A80-4EBC-8A4D-A1726770B475}.Release|iPhoneSimulator.ActiveCfg = Release|Any CPU
		{85D2D06C-3A80-4EBC-8A4D-A1726770B475}.Release|iPhoneSimulator.Build.0 = Release|Any CPU
		{85D2D06C-3A80-4EBC-8A4D-A1726770B475}.Release|x64.ActiveCfg = Release|Any CPU
		{85D2D06C-3A80-4EBC-8A4D-A1726770B475}.Release|x64.Build.0 = Release|Any CPU
		{85D2D06C-3A80-4EBC-8A4D-A1726770B475}.Release|x86.ActiveCfg = Release|Any CPU
		{85D2D06C-3A80-4EBC-8A4D-A1726770B475}.Release|x86.Build.0 = Release|Any CPU
	EndGlobalSection
	GlobalSection(SolutionProperties) = preSolution
		HideSolutionNode = FALSE
	EndGlobalSection
	GlobalSection(ExtensibilityGlobals) = postSolution
		SolutionGuid = {AD0A4AE7-446D-4E14-8CB5-A0C2497DD034}
	EndGlobalSection
EndGlobal
